
Microsoft Visual Studio Solution File, Format Version 12.00
# Visual Studio Version 17
VisualStudioVersion = 17.0.32014.148
MinimumVisualStudioVersion = 10.0.40219.1
Project("{FAE04EC0-301F-11D3-BF4B-00C04F79EFBC}") = "GraphicsEditor", "GraphicsEditor\GraphicsEditor.csproj", "{993B6C37-DC5D-4CA9-B9A1-3245B4597BCC}"
EndProject
Global
	GlobalSection(SolutionConfigurationPlatforms) = preSolution
		Debug|Any CPU = Debug|Any CPU
		Release|Any CPU = Release|Any CPU
	EndGlobalSection
	GlobalSection(ProjectConfigurationPlatforms) = postSolution
		{993B6C37-DC5D-4CA9-B9A1-3245B4597BCC}.Debug|Any CPU.ActiveCfg = Debug|Any CPU
		{993B6C37-DC5D-4CA9-B9A1-3245B4597BCC}.Debug|Any CPU.Build.0 = Debug|Any CPU
		{993B6C37-DC5D-4CA9-B9A1-3245B4597BCC}.Release|Any CPU.ActiveCfg = Release|Any CPU
		{993B6C37-DC5D-4CA9-B9A1-3245B4597BCC}.Release|Any CPU.Build.0 = Release|Any CPU
	EndGlobalSection
	GlobalSection(SolutionProperties) = preSolution
		HideSolutionNode = FALSE
	EndGlobalSection
	GlobalSection(ExtensibilityGlobals) = postSolution
		SolutionGuid = {7D0E33CB-9C0D-4DFB-B3A5-069EA19FFE55}
	EndGlobalSection
EndGlobal
